
Microsoft Visual Studio Solution File, Format Version 12.00
# Visual Studio Version 17
VisualStudioVersion = 17.14.37203.1 d17.14
MinimumVisualStudioVersion = 10.0.40219.1
Project("{FAE04EC0-301F-11D3-BF4B-00C04F79EFBC}") = "SmartDelivery.Domain", "SmartDelivery.Domain\SmartDelivery.Domain.csproj", "{907BB9DC-7295-4C70-AB20-583B1E9B3006}"
EndProject
Project("{FAE04EC0-301F-11D3-BF4B-00C04F79EFBC}") = "SmartDelivery.Application", "SmartDelivery.Application\SmartDelivery.Application.csproj", "{7AFCC8AF-8530-47C3-9048-802DD8B4C460}"
EndProject
Project("{FAE04EC0-301F-11D3-BF4B-00C04F79EFBC}") = "SmartDelivery.Infrastructure", "SmartDelivery.Infrastructure\SmartDelivery.Infrastructure.csproj", "{B44F08C6-0791-46A4-896D-D2E21DBDB0A5}"
EndProject
Project("{FAE04EC0-301F-11D3-BF4B-00C04F79EFBC}") = "SmartDelivery.API", "SmartDelivery.API\SmartDelivery.API.csproj", "{9F22C1CC-F50C-4FB7-897B-D466AE2C4EA0}"
EndProject
Global
	GlobalSection(SolutionConfigurationPlatforms) = preSolution
		Debug|Any CPU = Debug|Any CPU
		Release|Any CPU = Release|Any CPU
	EndGlobalSection
	GlobalSection(ProjectConfigurationPlatforms) = postSolution
		{907BB9DC-7295-4C70-AB20-583B1E9B3006}.Debug|Any CPU.ActiveCfg = Debug|Any CPU
		{907BB9DC-7295-4C70-AB20-583B1E9B3006}.Debug|Any CPU.Build.0 = Debug|Any CPU
		{907BB9DC-7295-4C70-AB20-583B1E9B3006}.Release|Any CPU.ActiveCfg = Release|Any CPU
		{907BB9DC-7295-4C70-AB20-583B1E9B3006}.Release|Any CPU.Build.0 = Release|Any CPU
		{7AFCC8AF-8530-47C3-9048-802DD8B4C460}.Debug|Any CPU.ActiveCfg = Debug|Any CPU
		{7AFCC8AF-8530-47C3-9048-802DD8B4C460}.Debug|Any CPU.Build.0 = Debug|Any CPU
		{7AFCC8AF-8530-47C3-9048-802DD8B4C460}.Release|Any CPU.ActiveCfg = Release|Any CPU
		{7AFCC8AF-8530-47C3-9048-802DD8B4C460}.Release|Any CPU.Build.0 = Release|Any CPU
		{B44F08C6-0791-46A4-896D-D2E21DBDB0A5}.Debug|Any CPU.ActiveCfg = Debug|Any CPU
		{B44F08C6-0791-46A4-896D-D2E21DBDB0A5}.Debug|Any CPU.Build.0 = Debug|Any CPU
		{B44F08C6-0791-46A4-896D-D2E21DBDB0A5}.Release|Any CPU.ActiveCfg = Release|Any CPU
		{B44F08C6-0791-46A4-896D-D2E21DBDB0A5}.Release|Any CPU.Build.0 = Release|Any CPU
		{9F22C1CC-F50C-4FB7-897B-D466AE2C4EA0}.Debug|Any CPU.ActiveCfg = Debug|Any CPU
		{9F22C1CC-F50C-4FB7-897B-D466AE2C4EA0}.Debug|Any CPU.Build.0 = Debug|Any CPU
		{9F22C1CC-F50C-4FB7-897B-D466AE2C4EA0}.Release|Any CPU.ActiveCfg = Release|Any CPU
		{9F22C1CC-F50C-4FB7-897B-D466AE2C4EA0}.Release|Any CPU.Build.0 = Release|Any CPU
	EndGlobalSection
	GlobalSection(SolutionProperties) = preSolution
		HideSolutionNode = FALSE
	EndGlobalSection
	GlobalSection(ExtensibilityGlobals) = postSolution
		SolutionGuid = {1738B2FD-9565-48CD-8ABB-14B00F58009D}
	EndGlobalSection
EndGlobal
